
Microsoft Visual Studio Solution File, Format Version 12.00
# Visual Studio Version 16
VisualStudioVersion = 16.0.30717.126
MinimumVisualStudioVersion = 10.0.40219.1
Project("{888888A0-9F3D-457C-B088-3A5042F75D52}") = "test_pyqt", "test_pyqt\test_pyqt.pyproj", "{3374375E-40D1-4B4A-926F-1F5147C7B9FA}"
EndProject
Global
	GlobalSection(SolutionConfigurationPlatforms) = preSolution
		Debug|Any CPU = Debug|Any CPU
		Release|Any CPU = Release|Any CPU
	EndGlobalSection
	GlobalSection(ProjectConfigurationPlatforms) = postSolution
		{3374375E-40D1-4B4A-926F-1F5147C7B9FA}.Debug|Any CPU.ActiveCfg = Debug|Any CPU
		{3374375E-40D1-4B4A-926F-1F5147C7B9FA}.Release|Any CPU.ActiveCfg = Release|Any CPU
	EndGlobalSection
	GlobalSection(SolutionProperties) = preSolution
		HideSolutionNode = FALSE
	EndGlobalSection
	GlobalSection(ExtensibilityGlobals) = postSolution
		SolutionGuid = {3D9E1094-76FA-4B11-A434-0ABE398EF6AB}
	EndGlobalSection
EndGlobal
